
Microsoft Visual Studio Solution File, Format Version 12.00
# Visual Studio Version 17
VisualStudioVersion = 17.1.32210.238
MinimumVisualStudioVersion = 10.0.40219.1
Project("{FAE04EC0-301F-11D3-BF4B-00C04F79EFBC}") = "BugTracker", "BugTracker\BugTracker.csproj", "{2A366549-A201-4AB7-90DC-5C1747E759BF}"
EndProject
Project("{2150E333-8FDC-42A3-9474-1A3956D46DE8}") = "Solution Items", "Solution Items", "{FA8611CF-AA0F-4346-AC7A-86723D19BE60}"
	ProjectSection(SolutionItems) = preProject
		.editorconfig = .editorconfig
	EndProjectSection
EndProject
Global
	GlobalSection(SolutionConfigurationPlatforms) = preSolution
		Debug|Any CPU = Debug|Any CPU
		Release|Any CPU = Release|Any CPU
	EndGlobalSection
	GlobalSection(ProjectConfigurationPlatforms) = postSolution
		{2A366549-A201-4AB7-90DC-5C1747E759BF}.Debug|Any CPU.ActiveCfg = Debug|Any CPU
		{2A366549-A201-4AB7-90DC-5C1747E759BF}.Debug|Any CPU.Build.0 = Debug|Any CPU
		{2A366549-A201-4AB7-90DC-5C1747E759BF}.Release|Any CPU.ActiveCfg = Release|Any CPU
		{2A366549-A201-4AB7-90DC-5C1747E759BF}.Release|Any CPU.Build.0 = Release|Any CPU
	EndGlobalSection
	GlobalSection(SolutionProperties) = preSolution
		HideSolutionNode = FALSE
	EndGlobalSection
	GlobalSection(ExtensibilityGlobals) = postSolution
		SolutionGuid = {E5F4D8EA-EFAA-4E64-AB7E-04C8AE067473}
	EndGlobalSection
EndGlobal
